{
  "name": "javascriptData",
  "lockfileVersion": 2,
  "requires": true,
  "packages": {
    "": {
      "dependencies": {
        "csv-file-to-json": "^4.0.5",
        "txt-file-to-json": "^3.0.6"
      }
    },
    "node_modules/csv-file-to-json": {
      "version": "4.0.5",
      "resolved": "https://registry.npmjs.org/csv-file-to-json/-/csv-file-to-json-4.0.5.tgz",
      "integrity": "sha512-r1X/WS/mke9ozV3e11lHd+P8FFMttNepmfd9y8HXmbYRvLgFXEUKnYCQrQC56aJiNhRUwIxz/kdrcxMzBgYibg=="
    },
    "node_modules/txt-file-to-json": {
      "version": "3.0.6",
      "resolved": "https://registry.npmjs.org/txt-file-to-json/-/txt-file-to-json-3.0.6.tgz",
      "integrity": "sha512-DoMaLb7+UTPVRSO+lrKpI/v/md8ONdH1WMyG2V1A8vcwNH6NRkVUXy+kv2e42eSWQPnZ/e2mDTmPqyP+VFN/2A=="
    }
  },
  "dependencies": {
    "csv-file-to-json": {
      "version": "4.0.5",
      "resolved": "https://registry.npmjs.org/csv-file-to-json/-/csv-file-to-json-4.0.5.tgz",
      "integrity": "sha512-r1X/WS/mke9ozV3e11lHd+P8FFMttNepmfd9y8HXmbYRvLgFXEUKnYCQrQC56aJiNhRUwIxz/kdrcxMzBgYibg=="
    },
    "txt-file-to-json": {
      "version": "3.0.6",
      "resolved": "https://registry.npmjs.org/txt-file-to-json/-/txt-file-to-json-3.0.6.tgz",
      "integrity": "sha512-DoMaLb7+UTPVRSO+lrKpI/v/md8ONdH1WMyG2V1A8vcwNH6NRkVUXy+kv2e42eSWQPnZ/e2mDTmPqyP+VFN/2A=="
    }
  }
}
